dependencies:
- name: kube-prometheus-stack
  repository: https://prometheus-community.github.io/helm-charts
  version: 35.4.2
- name: gitlab
  repository: https://charts.gitlab.io/
  version: 6.0.0
digest: sha256:3f06da5902f2d4b0710cabbd934eb5e499b3d9c9976597e60798767d3b9b593e
generated: "2022-05-29T17:21:16.9370821+08:00"
